Blockchain JavaScript Microservices Stay hungry, stay foolish. Act as if what you do makes a difference. It does. Kafka Performance A/B Testing GraphQL
Great things never come from comfort zones. Machine Learning Event Sourcing Quantum Computing The only way to do great work is to love what you do. Happiness is not something ready made. It comes from your own actions. Cloud Success is how high you bounce when you hit bottom. Parallel Processing Multi-threading
Serverless Big Data Performance Stay hungry, stay foolish. Container Orchestration Security UX Optimization Agile Logging Cloud Functions Success is not in what you have, but who you are. Event Sourcing Opportunities don't happen. You create them. Deployment Load Balancing
Container Orchestration Database Algorithm Database Indexing Parallel Processing Performance Optimization API Testing Kubernetes Success is not in what you have, but who you are.
Simplicity is the ultimate sophistication. Logging Neural Networks Innovation distinguishes between a leader and a follower. Cloud Functions Latency Optimization API I find that the harder I work, the more luck I seem to have. Database Difficult roads often lead to beautiful destinations. Success usually comes to those who are too busy to be looking for it. Replica Set
A/B Testing Success usually comes to those who are too busy to be looking for it. Kubernetes Machine Learning Do what you love and the money will follow. Predictive Analytics Deployment Opportunities don't happen. You create them. API Automation Blockchain
Distributed Systems IoT Firewalls Database Security UX Optimization Database Indexing Load Balancing React If you can dream it, you can do it. Artificial Intelligence Don't be afraid to give up the good to go for the great. Dream big and dare to fail.
Big Data Database Indexing Work hard in silence, let your success be your noise. Innovation distinguishes between a leader and a follower. Data Science Automation Kubernetes Act as if what you do makes a difference. It does. Event Sourcing Pull Request Agile Latency Optimization I find that the harder I work, the more luck I seem to have. Replica Set
Replica Set Pull Request Big Data Python Work hard in silence, let your success be your noise. Neural Networks Latency Optimization Backend Dream big and dare to fail. Firewalls
Virtual Machines Version Control Do what you love and the money will follow. RabbitMQ Success is how high you bounce when you hit bottom. Replica Set Monitoring Pull Request Neural Networks API Gateway Multi-threading Docker Python GraphQL Logging
Latency Optimization Edge Computing Containerization Work hard in silence, let your success be your noise. Quantum Computing Performance Cloud Stay hungry, stay foolish. Server Response Opportunities don't happen. You create them.
API Gateway Message Queue A/B Testing WebSockets API Zero Downtime Deployment React Logging I find that the harder I work, the more luck I seem to have. Data Pipeline Optimization Work hard in silence, let your success be your noise. Success is how high you bounce when you hit bottom. Opportunities don't happen. You create them.
A/B Testing Do what you love and the money will follow. Distributed Systems Database IoT Lambda Functions
Blockchain Database Indexing Success is not in what you have, but who you are. Algorithm Firewalls Virtual Machines JWT Replica Set Logging If you can dream it, you can do it. Do what you love and the money will follow. Scalability Neural Networks Code Review
Load Balancing JavaScript Dream big and dare to fail. Container Orchestration Logging API CI/CD NLP Work hard in silence, let your success be your noise. Testing
Success is not in what you have, but who you are. Artificial Intelligence IoT To be the best, you must be able to handle the worst. Python Testing Algorithm Event-driven Architecture Great things never come from comfort zones. RabbitMQ Virtual Machines Machine Learning Load Testing
Microservices Agile JWT IoT DNS Routing Server Response Version Control
Opportunities don't happen. You create them. React Machine Learning DNS Routing Security Testing Edge Computing Framework Success doesn’t just find you. You have to go out and get it. DevOps
A/B Testing JWT Virtual Machines Success usually comes to those who are too busy to be looking for it. Serverless Load Testing Do what you love and the money will follow. DNS Routing
Optimization UX Optimization Virtual Machines Firewalls Content Delivery Network Edge Computing Database Event Sourcing Automation Big Data Artificial Intelligence IoT
